
Microsoft Visual Studio Solution File, Format Version 12.00
# Visual Studio Version 16
VisualStudioVersion = 16.0.31702.278
MinimumVisualStudioVersion = 10.0.40219.1
Project("{FAE04EC0-301F-11D3-BF4B-00C04F79EFBC}") = "SeleniumSample", "SeleniumSample.csproj", "{D000C5F5-41C7-45FE-83C3-E3E32CF724EC}"
EndProject
Global
	GlobalSection(SolutionConfigurationPlatforms) = preSolution
		Debug|Any CPU = Debug|Any CPU
		Release|Any CPU = Release|Any CPU
	EndGlobalSection
	GlobalSection(ProjectConfigurationPlatforms) = postSolution
		{D000C5F5-41C7-45FE-83C3-E3E32CF724EC}.Debug|Any CPU.ActiveCfg = Debug|Any CPU
		{D000C5F5-41C7-45FE-83C3-E3E32CF724EC}.Debug|Any CPU.Build.0 = Debug|Any CPU
		{D000C5F5-41C7-45FE-83C3-E3E32CF724EC}.Release|Any CPU.ActiveCfg = Release|Any CPU
		{D000C5F5-41C7-45FE-83C3-E3E32CF724EC}.Release|Any CPU.Build.0 = Release|Any CPU
	EndGlobalSection
	GlobalSection(SolutionProperties) = preSolution
		HideSolutionNode = FALSE
	EndGlobalSection
	GlobalSection(ExtensibilityGlobals) = postSolution
		SolutionGuid = {D8030832-33DE-4962-A531-07F2FE6A228F}
	EndGlobalSection
EndGlobal
